<?xml version="1.0" encoding="utf-8"?>
<Project ToolsVersion="4.0" xmlns="http://schemas.microsoft.com/developer/msbuild/2003">
  <ItemGroup>
    <Filter Include="Source Files">
      <UniqueIdentifier>{4FC737F1-C7A5-4376-A066-2A32D752A2FF}</UniqueIdentifier>
      <Extensions>cpp;c;cc;cxx;c++;cppm;ixx;def;odl;idl;hpj;bat;asm;asmx</Extensions>
    </Filter>
    <Filter Include="Header Files">
      <UniqueIdentifier>{93995380-89BD-4b04-88EB-625FBE52EBFB}</UniqueIdentifier>
      <Extensions>h;hh;hpp;hxx;h++;hm;inl;inc;ipp;xsd</Extensions>
    </Filter>
    <Filter Include="Resource Files">
      <UniqueIdentifier>{67DA6AB6-F800-4c08-8B7A-83BB121AAD01}</UniqueIdentifier>
      <Extensions>rc;ico;cur;bmp;dlg;rc2;rct;bin;rgs;gif;jpg;jpeg;jpe;resx;tiff;tif;png;wav;mfcribbon-ms</Extensions>
    </Filter>
    <Filter Include="Source Files\Games">
      <UniqueIdentifier>{d4b1d1ef-16ad-4119-a1ef-6832e93c7f46}</UniqueIdentifier>
    </Filter>
    <Filter Include="Header Files\Games">
      <UniqueIdentifier>{928e3515-85b3-43f9-8746-521285c258b3}</UniqueIdentifier>
    </Filter>
    <Filter Include="Source Files\Controllers">
      <UniqueIdentifier>{24b1c76c-5614-4328-a6a4-d45f1f18751e}</UniqueIdentifier>
    </Filter>
    <Filter Include="Header Files\Controllers">
      <UniqueIdentifier>{4ae2f396-2d6c-419b-9219-6d7cd4e52cca}</UniqueIdentifier>
    </Filter>
  </ItemGroup>
  <ItemGroup>
    <ClCompile Include="Main.c">
      <Filter>Source Files</Filter>
    </ClCompile>
    <ClCompile Include="Cards.c">
      <Filter>Source Files</Filter>
    </ClCompile>
    <ClCompile Include="Blackjack.c">
      <Filter>Source Files\Games</Filter>
    </ClCompile>
    <ClCompile Include="Poker.c">
      <Filter>Source Files\Games</Filter>
    </ClCompile>
    <ClCompile Include="Slots.c">
      <Filter>Source Files\Games</Filter>
    </ClCompile>
    <ClCompile Include="FileIO.c">
      <Filter>Source Files\Controllers</Filter>
    </ClCompile>
    <ClCompile Include="IOController.c">
      <Filter>Source Files\Controllers</Filter>
    </ClCompile>
  </ItemGroup>
  <ItemGroup>
    <ClInclude Include="Cards.h">
      <Filter>Header Files</Filter>
    </ClInclude>
    <ClInclude Include="Blackjack.h">
      <Filter>Header Files\Games</Filter>
    </ClInclude>
    <ClInclude Include="Poker.h">
      <Filter>Header Files\Games</Filter>
    </ClInclude>
    <ClInclude Include="Slots.h">
      <Filter>Header Files\Games</Filter>
    </ClInclude>
    <ClInclude Include="FileIO.h">
      <Filter>Header Files\Controllers</Filter>
    </ClInclude>
    <ClInclude Include="IOController.h">
      <Filter>Header Files\Controllers</Filter>
    </ClInclude>
    <ClInclude Include="User.h">
      <Filter>Header Files</Filter>
    </ClInclude>
  </ItemGroup>
</Project>